// !$*UTF8*$!
{
	archiveVersion = 1;
	classes = {
	};
	objectVersion = 48;
	objects = {

/* Begin PBXBuildFile section */
		D98E285D1F94F72500FC923A /* AppDelegate.swift in Sources */ = {isa = PBXBuildFile; fileRef = D98E285C1F94F72500FC923A /* AppDelegate.swift */; };
		D98E285F1F94F72500FC923A /* ViewController.swift in Sources */ = {isa = PBXBuildFile; fileRef = D98E285E1F94F72500FC923A /* ViewController.swift */; };
		D98E28621F94F72500FC923A /* Main.storyboard in Resources */ = {isa = PBXBuildFile; fileRef = D98E28601F94F72500FC923A /* Main.storyboard */; };
		D98E28641F94F72500FC923A /* Assets.xcassets in Resources */ = {isa = PBXBuildFile; fileRef = D98E28631F94F72500FC923A /* Assets.xcassets */; };
		D98E28671F94F72500FC923A /* LaunchScreen.storyboard in Resources */ = {isa = PBXBuildFile; fileRef = D98E28651F94F72500FC923A /* LaunchScreen.storyboard */; };
		D98E286F1F95060100FC923A /* DetailViewController.swift in Sources */ = {isa = PBXBuildFile; fileRef = D98E286E1F95060100FC923A /* DetailViewController.swift */; };
/* End PBXBuildFile section */

/* Begin PBXFileReference section */
		D98E28591F94F72500FC923A /* EmojiTranslator.app */ = {isa = PBXFileReference; explicitFileType = wrapper.application; includeInIndex = 0; path = EmojiTranslator.app; sourceTree = BUILT_PRODUCTS_DIR; };
		D98E285C1F94F72500FC923A /* AppDelegate.swift */ = {isa = PBXFileReference; lastKnownFileType = sourcecode.swift; path = AppDelegate.swift; sourceTree = "<group>"; };
		D98E285E1F94F72500FC923A /* ViewController.swift */ = {isa = PBXFileReference; lastKnownFileType = sourcecode.swift; path = ViewController.swift; sourceTree = "<group>"; };
		D98E28611F94F72500FC923A /* Base */ = {isa = PBXFileReference; lastKnownFileType = file.storyboard; name = Base; path = Base.lproj/Main.storyboard; sourceTree = "<group>"; };
		D98E28631F94F72500FC923A /* Assets.xcassets */ = {isa = PBXFileReference; lastKnownFileType = folder.assetcatalog; path = Assets.xcassets; sourceTree = "<group>"; };
		D98E28661F94F72500FC923A /* Base */ = {isa = PBXFileReference; lastKnownFileType = file.storyboard; name = Base; path = Base.lproj/LaunchScreen.storyboard; sourceTree = "<group>"; };
		D98E28681F94F72500FC923A /* Info.plist */ = {isa = PBXFileReference; lastKnownFileType = text.plist.xml; path = Info.plist; sourceTree = "<group>"; };
		D98E286E1F95060100FC923A /* DetailViewController.swift */ = {isa = PBXFileReference; lastKnownFileType = sourcecode.swift; path = DetailViewController.swift; sourceTree = "<group>"; };
/* End PBXFileReference section */

/* Begin PBXFrameworksBuildPhase section */
		D98E28561F94F72500FC923A /* Frameworks */ = {
			isa = PBXFrameworksBuildPhase;
			buildActionMask = 2147483647;
			files = (
			);
			runOnlyForDeploymentPostprocessing = 0;
		};
/* End PBXFrameworksBuildPhase section */

/* Begin PBXGroup section */
		D98E28501F94F72500FC923A = {
			isa = PBXGroup;
			children = (
				D98E285B1F94F72500FC923A /* EmojiTranslator */,
				D98E285A1F94F72500FC923A /* Products */,
			);
			sourceTree = "<group>";
		};
		D98E285A1F94F72500FC923A /* Products */ = {
			isa = PBXGroup;
			children = (
				D98E28591F94F72500FC923A /* EmojiTranslator.app */,
			);
			name = Products;
			sourceTree = "<group>";
		};
		D98E285B1F94F72500FC923A /* EmojiTranslator */ = {
			isa = PBXGroup;
			children = (
				D98E285C1F94F72500FC923A /* AppDelegate.swift */,
				D98E285E1F94F72500FC923A /* ViewController.swift */,
				D98E28601F94F72500FC923A /* Main.storyboard */,
				D98E286E1F95060100FC923A /* DetailViewController.swift */,
				D98E28631F94F72500FC923A /* Assets.xcassets */,
				D98E28651F94F72500FC923A /* LaunchScreen.storyboard */,
				D98E28681F94F72500FC923A /* Info.plist */,
			);
			path = EmojiTranslator;
			sourceTree = "<group>";
		};
/* End PBXGroup section */

/* Begin PBXNativeTarget section */
		D98E28581F94F72500FC923A /* EmojiTranslator */ = {
			isa = PBXNativeTarget;
			buildConfigurationList = D98E286B1F94F72500FC923A /* Build configuration list for PBXNativeTarget "EmojiTranslator" */;
			buildPhases = (
				D98E28551F94F72500FC923A /* Sources */,
				D98E28561F94F72500FC923A /* Frameworks */,
				D98E28571F94F72500FC923A /* Resources */,
			);
			buildRules = (
			);
			dependencies = (
			);
			name = EmojiTranslator;
			productName = EmojiTranslator;
			productReference = D98E28591F94F72500FC923A /* EmojiTranslator.app */;
			productType = "com.apple.product-type.application";
		};
/* End PBXNativeTarget section */

/* Begin PBXProject section */
		D98E28511F94F72500FC923A /* Project object */ = {
			isa = PBXProject;
			attributes = {
				LastSwiftUpdateCheck = 0900;
				LastUpgradeCheck = 0900;
				ORGANIZATIONNAME = y;
				TargetAttributes = {
					D98E28581F94F72500FC923A = {
						CreatedOnToolsVersion = 9.0;
						ProvisioningStyle = Automatic;
					};
				};
			};
			buildConfigurationList = D98E28541F94F72500FC923A /* Build configuration list for PBXProject "EmojiTranslator" */;
			compatibilityVersion = "Xcode 8.0";
			developmentRegion = en;
			hasScannedForEncodings = 0;
			knownRegions = (
				en,
				Base,
			);
			mainGroup = D98E28501F94F72500FC923A;
			productRefGroup = D98E285A1F94F72500FC923A /* Products */;
			projectDirPath = "";
			projectRoot = "";
			targets = (
				D98E28581F94F72500FC923A /* EmojiTranslator */,
			);
		};
/* End PBXProject section */

/* Begin PBXResourcesBuildPhase section */
		D98E28571F94F72500FC923A /* Resources */ = {
			isa = PBXResourcesBuildPhase;
			buildActionMask = 2147483647;
			files = (
				D98E28671F94F72500FC923A /* LaunchScreen.storyboard in Resources */,
				D98E28641F94F72500FC923A /* Assets.xcassets in Resources */,
				D98E28621F94F72500FC923A /* Main.storyboard in Resources */,
			);
			runOnlyForDeploymentPostprocessing = 0;
		};
/* End PBXResourcesBuildPhase section */

/* Begin PBXSourcesBuildPhase section */
		D98E28551F94F72500FC923A /* Sources */ = {
			isa = PBXSourcesBuildPhase;
			buildActionMask = 2147483647;
			files = (
				D98E286F1F95060100FC923A /* DetailViewController.swift in Sources */,
				D98E285F1F94F72500FC923A /* ViewController.swift in Sources */,
				D98E285D1F94F72500FC923A /* AppDelegate.swift in Sources */,
			);
			runOnlyForDeploymentPostprocessing = 0;
		};
/* End PBXSourcesBuildPhase section */

/* Begin PBXVariantGroup section */
		D98E28601F94F72500FC923A /* Main.storyboard */ = {
			isa = PBXVariantGroup;
			children = (
				D98E28611F94F72500FC923A /* Base */,
			);
			name = Main.storyboard;
			sourceTree = "<group>";
		};
		D98E28651F94F72500FC923A /* LaunchScreen.storyboard */ = {
			isa = PBXVariantGroup;
			children = (
				D98E28661F94F72500FC923A /* Base */,
			);
			name = LaunchScreen.storyboard;
			sourceTree = "<group>";
		};
/* End PBXVariantGroup section */

/* Begin XCBuildConfiguration section */
		D98E28691F94F72500FC923A /* Debug */ = {
			isa = XCBuildConfiguration;
			buildSettings = {
				ALWAYS_SEARCH_USER_PATHS = NO;
				CLANG_ANALYZER_NONNULL = YES;
				CLANG_ANALYZER_NUMBER_OBJECT_CONVERSION = YES_AGGRESSIVE;
				CLANG_CXX_LANGUAGE_STANDARD = "gnu++14";
				CLANG_CXX_LIBRARY = "libc++";
				CLANG_ENABLE_MODULES = YES;
				CLANG_ENABLE_OBJC_ARC = YES;
				CLANG_WARN_BLOCK_CAPTURE_AUTORELEASING = YES;
				CLANG_WARN_BOOL_CONVERSION = YES;
				CLANG_WARN_COMMA = YES;
				CLANG_WARN_CONSTANT_CONVERSION = YES;
				CLANG_WARN_DIRECT_OBJC_ISA_USAGE = YES_ERROR;
				CLANG_WARN_DOCUMENTATION_COMMENTS = YES;
				CLANG_WARN_EMPTY_BODY = YES;
				CLANG_WARN_ENUM_CONVERSION = YES;
				CLANG_WARN_INFINITE_RECURSION = YES;
				CLANG_WARN_INT_CONVERSION = YES;
				CLANG_WARN_NON_LITERAL_NULL_CONVERSION = YES;
				CLANG_WARN_OBJC_LITERAL_CONVERSION = YES;
				CLANG_WARN_OBJC_ROOT_CLASS = YES_ERROR;
				CLANG_WARN_RANGE_LOOP_ANALYSIS = YES;
				CLANG_WARN_STRICT_PROTOTYPES = YES;
				CLANG_WARN_SUSPICIOUS_MOVE = YES;
				CLANG_WARN_UNGUARDED_AVAILABILITY = YES_AGGRESSIVE;
				CLANG_WARN_UNREACHABLE_CODE = YES;
				CLANG_WARN__DUPLICATE_METHOD_MATCH = YES;
				CODE_SIGN_IDENTITY = "iPhone Developer";
				COPY_PHASE_STRIP = NO;
				DEBUG_INFORMATION_FORMAT = dwarf;
				ENABLE_STRICT_OBJC_MSGSEND = YES;
				ENABLE_TESTABILITY = YES;
				GCC_C_LANGUAGE_STANDARD = gnu11;
				GCC_DYNAMIC_NO_PIC = NO;
				GCC_NO_COMMON_BLOCKS = YES;
				GCC_OPTIMIZATION_LEVEL = 0;
				GCC_PREPROCESSOR_DEFINITIONS = (
					"DEBUG=1",
					"$(inherited)",
				);
				GCC_WARN_64_TO_32_BIT_CONVERSION = YES;
				GCC_WARN_ABOUT_RETURN_TYPE = YES_ERROR;
				GCC_WARN_UNDECLARED_SELECTOR = YES;
				GCC_WARN_UNINITIALIZED_AUTOS = YES_AGGRESSIVE;
				GCC_WARN_UNUSED_FUNCTION = YES;
				GCC_WARN_UNUSED_VARIABLE = YES;
				IPHONEOS_DEPLOYMENT_TARGET = 11.0;
				MTL_ENABLE_DEBUG_INFO = YES;
				ONLY_ACTIVE_ARCH = YES;
				SDKROOT = iphoneos;
				SWIFT_ACTIVE_COMPILATION_CONDITIONS = DEBUG;
				SWIFT_OPTIMIZATION_LEVEL = "-Onone";
			};
			name = Debug;
		};
		D98E286A1F94F72500FC923A /* Release */ = {
			isa = XCBuildConfiguration;
			buildSettings = {
				ALWAYS_SEARCH_USER_PATHS = NO;
				CLANG_ANALYZER_NONNULL = YES;
				CLANG_ANALYZER_NUMBER_OBJECT_CONVERSION = YES_AGGRESSIVE;
				CLANG_CXX_LANGUAGE_STANDARD = "gnu++14";
				CLANG_CXX_LIBRARY = "libc++";
				CLANG_ENABLE_MODULES = YES;
				CLANG_ENABLE_OBJC_ARC = YES;
				CLANG_WARN_BLOCK_CAPTURE_AUTORELEASING = YES;
				CLANG_WARN_BOOL_CONVERSION = YES;
				CLANG_WARN_COMMA = YES;
				CLANG_WARN_CONSTANT_CONVERSION = YES;
				CLANG_WARN_DIRECT_OBJC_ISA_USAGE = YES_ERROR;
				CLANG_WARN_DOCUMENTATION_COMMENTS = YES;
				CLANG_WARN_EMPTY_BODY = YES;
				CLANG_WARN_ENUM_CONVERSION = YES;
				CLANG_WARN_INFINITE_RECURSION = YES;
				CLANG_WARN_INT_CONVERSION = YES;
				CLANG_WARN_NON_LITERAL_NULL_CONVERSION = YES;
				CLANG_WARN_OBJC_LITERAL_CONVERSION = YES;
				CLANG_WARN_OBJC_ROOT_CLASS = YES_ERROR;
				CLANG_WARN_RANGE_LOOP_ANALYSIS = YES;
				CLANG_WARN_STRICT_PROTOTYPES = YES;
				CLANG_WARN_SUSPICIOUS_MOVE = YES;
				CLANG_WARN_UNGUARDED_AVAILABILITY = YES_AGGRESSIVE;
				CLANG_WARN_UNREACHABLE_CODE = YES;
				CLANG_WARN__DUPLICATE_METHOD_MATCH = YES;
				CODE_SIGN_IDENTITY = "iPhone Developer";
				COPY_PHASE_STRIP = NO;
				DEBUG_INFORMATION_FORMAT = "dwarf-with-dsym";
				ENABLE_NS_ASSERTIONS = NO;
				ENABLE_STRICT_OBJC_MSGSEND = YES;
				GCC_C_LANGUAGE_STANDARD = gnu11;
				GCC_NO_COMMON_BLOCKS = YES;
				GCC_WARN_64_TO_32_BIT_CONVERSION = YES;
				GCC_WARN_ABOUT_RETURN_TYPE = YES_ERROR;
				GCC_WARN_UNDECLARED_SELECTOR = YES;
				GCC_WARN_UNINITIALIZED_AUTOS = YES_AGGRESSIVE;
				GCC_WARN_UNUSED_FUNCTION = YES;
				GCC_WARN_UNUSED_VARIABLE = YES;
				IPHONEOS_DEPLOYMENT_TARGET = 11.0;
				MTL_ENABLE_DEBUG_INFO = NO;
				SDKROOT = iphoneos;
				SWIFT_OPTIMIZATION_LEVEL = "-Owholemodule";
				VALIDATE_PRODUCT = YES;
			};
			name = Release;
		};
		D98E286C1F94F72500FC923A /* Debug */ = {
			isa = XCBuildConfiguration;
			buildSettings = {
				ASSETCATALOG_COMPILER_APPICON_NAME = AppIcon;
				CODE_SIGN_STYLE = Automatic;
				DEVELOPMENT_TEAM = 58XU3V35UK;
				INFOPLIST_FILE = EmojiTranslator/Info.plist;
				LD_RUNPATH_SEARCH_PATHS = "$(inherited) @executable_path/Frameworks";
				PRODUCT_BUNDLE_IDENTIFIER = yuryg.EmojiTranslator;
				PRODUCT_NAME = "$(TARGET_NAME)";
				SWIFT_VERSION = 4.0;
				TARGETED_DEVICE_FAMILY = "1,2";
			};
			name = Debug;
		};
		D98E286D1F94F72500FC923A /* Release */ = {
			isa = XCBuildConfiguration;
			buildSettings = {
				ASSETCATALOG_COMPILER_APPICON_NAME = AppIcon;
				CODE_SIGN_STYLE = Automatic;
				DEVELOPMENT_TEAM = 58XU3V35UK;
				INFOPLIST_FILE = EmojiTranslator/Info.plist;
				LD_RUNPATH_SEARCH_PATHS = "$(inherited) @executable_path/Frameworks";
				PRODUCT_BUNDLE_IDENTIFIER = yuryg.EmojiTranslator;
				PRODUCT_NAME = "$(TARGET_NAME)";
				SWIFT_VERSION = 4.0;
				TARGETED_DEVICE_FAMILY = "1,2";
			};
			name = Release;
		};
/* End XCBuildConfiguration section */

/* Begin XCConfigurationList section */
		D98E28541F94F72500FC923A /* Build configuration list for PBXProject "EmojiTranslator" */ = {
			isa = XCConfigurationList;
			buildConfigurations = (
				D98E28691F94F72500FC923A /* Debug */,
				D98E286A1F94F72500FC923A /* Release */,
			);
			defaultConfigurationIsVisible = 0;
			defaultConfigurationName = Release;
		};
		D98E286B1F94F72500FC923A /* Build configuration list for PBXNativeTarget "EmojiTranslator" */ = {
			isa = XCConfigurationList;
			buildConfigurations = (
				D98E286C1F94F72500FC923A /* Debug */,
				D98E286D1F94F72500FC923A /* Release */,
			);
			defaultConfigurationIsVisible = 0;
			defaultConfigurationName = Release;
		};
/* End XCConfigurationList section */
	};
	rootObject = D98E28511F94F72500FC923A /* Project object */;
}
